
Microsoft Visual Studio Solution File, Format Version 12.00
# Visual Studio Version 17
VisualStudioVersion = 17.3.32811.315
MinimumVisualStudioVersion = 10.0.40219.1
Project("{FAE04EC0-301F-11D3-BF4B-00C04F79EFBC}") = "DataAccess", "DataAccess\DataAccess.csproj", "{BBC73631-E211-499B-AF87-E95C19823340}"
EndProject
Project("{FAE04EC0-301F-11D3-BF4B-00C04F79EFBC}") = "Tests", "Tests\Tests.csproj", "{583A2E81-5D93-4309-960E-CEEC7E6FA34B}"
	ProjectSection(ProjectDependencies) = postProject
		{BBC73631-E211-499B-AF87-E95C19823340} = {BBC73631-E211-499B-AF87-E95C19823340}
	EndProjectSection
EndProject
Global
	GlobalSection(SolutionConfigurationPlatforms) = preSolution
		Debug|Any CPU = Debug|Any CPU
		Release|Any CPU = Release|Any CPU
	EndGlobalSection
	GlobalSection(ProjectConfigurationPlatforms) = postSolution
		{BBC73631-E211-499B-AF87-E95C19823340}.Debug|Any CPU.ActiveCfg = Debug|Any CPU
		{BBC73631-E211-499B-AF87-E95C19823340}.Debug|Any CPU.Build.0 = Debug|Any CPU
		{BBC73631-E211-499B-AF87-E95C19823340}.Release|Any CPU.ActiveCfg = Release|Any CPU
		{BBC73631-E211-499B-AF87-E95C19823340}.Release|Any CPU.Build.0 = Release|Any CPU
		{583A2E81-5D93-4309-960E-CEEC7E6FA34B}.Debug|Any CPU.ActiveCfg = Debug|Any CPU
		{583A2E81-5D93-4309-960E-CEEC7E6FA34B}.Debug|Any CPU.Build.0 = Debug|Any CPU
		{583A2E81-5D93-4309-960E-CEEC7E6FA34B}.Release|Any CPU.ActiveCfg = Release|Any CPU
		{583A2E81-5D93-4309-960E-CEEC7E6FA34B}.Release|Any CPU.Build.0 = Release|Any CPU
	EndGlobalSection
	GlobalSection(SolutionProperties) = preSolution
		HideSolutionNode = FALSE
	EndGlobalSection
	GlobalSection(ExtensibilityGlobals) = postSolution
		SolutionGuid = {2F2A1ED7-97D9-4795-9BAF-1720CD0D11B7}
	EndGlobalSection
EndGlobal
