
Microsoft Visual Studio Solution File, Format Version 12.00
# Visual Studio Version 17
VisualStudioVersion = 17.3.32811.315
MinimumVisualStudioVersion = 10.0.40219.1
Project("{FAE04EC0-301F-11D3-BF4B-00C04F79EFBC}") = "DataAccess", "DataAccess\DataAccess.csproj", "{BBC73631-E211-499B-AF87-E95C19823340}"
EndProject
Project("{FAE04EC0-301F-11D3-BF4B-00C04F79EFBC}") = "Tests", "Tests\Tests.csproj", "{583A2E81-5D93-4309-960E-CEEC7E6FA34B}"
	ProjectSection(ProjectDependencies) = postProject
		{BBC73631-E211-499B-AF87-E95C19823340} = {BBC73631-E211-499B-AF87-E95C19823340}
	EndProjectSection
EndProject
Project("{FAE04EC0-301F-11D3-BF4B-00C04F79EFBC}") = "Client", "Client\Client.csproj", "{170DFC81-806A-4A2F-853A-2B23104CF9D7}"
EndProject
Project("{FAE04EC0-301F-11D3-BF4B-00C04F79EFBC}") = "Core", "Core\Core.csproj", "{026B5204-DBDF-45D3-A8C2-029E5A3F2E3B}"
EndProject
Project("{2150E333-8FDC-42A3-9474-1A3956D46DE8}") = "Solution Items", "Solution Items", "{60F188FF-DEC7-455F-9665-1CCC1D905CF6}"
	ProjectSection(SolutionItems) = preProject
		.editorconfig = .editorconfig
	EndProjectSection
EndProject
Project("{FAE04EC0-301F-11D3-BF4B-00C04F79EFBC}") = "Service", "Service\Service.csproj", "{1994DD9B-7F15-4F8E-8E86-5C2D7B125918}"
EndProject
Project("{FAE04EC0-301F-11D3-BF4B-00C04F79EFBC}") = "Server", "Server\Server.csproj", "{63219043-9AB3-40B5-AD97-42436C9503C6}"
EndProject
Global
	GlobalSection(SolutionConfigurationPlatforms) = preSolution
		Debug|Any CPU = Debug|Any CPU
		Release|Any CPU = Release|Any CPU
	EndGlobalSection
	GlobalSection(ProjectConfigurationPlatforms) = postSolution
		{BBC73631-E211-499B-AF87-E95C19823340}.Debug|Any CPU.ActiveCfg = Debug|Any CPU
		{BBC73631-E211-499B-AF87-E95C19823340}.Debug|Any CPU.Build.0 = Debug|Any CPU
		{BBC73631-E211-499B-AF87-E95C19823340}.Release|Any CPU.ActiveCfg = Release|Any CPU
		{BBC73631-E211-499B-AF87-E95C19823340}.Release|Any CPU.Build.0 = Release|Any CPU
		{583A2E81-5D93-4309-960E-CEEC7E6FA34B}.Debug|Any CPU.ActiveCfg = Debug|Any CPU
		{583A2E81-5D93-4309-960E-CEEC7E6FA34B}.Debug|Any CPU.Build.0 = Debug|Any CPU
		{583A2E81-5D93-4309-960E-CEEC7E6FA34B}.Release|Any CPU.ActiveCfg = Release|Any CPU
		{583A2E81-5D93-4309-960E-CEEC7E6FA34B}.Release|Any CPU.Build.0 = Release|Any CPU
		{170DFC81-806A-4A2F-853A-2B23104CF9D7}.Debug|Any CPU.ActiveCfg = Debug|Any CPU
		{170DFC81-806A-4A2F-853A-2B23104CF9D7}.Debug|Any CPU.Build.0 = Debug|Any CPU
		{170DFC81-806A-4A2F-853A-2B23104CF9D7}.Release|Any CPU.ActiveCfg = Release|Any CPU
		{170DFC81-806A-4A2F-853A-2B23104CF9D7}.Release|Any CPU.Build.0 = Release|Any CPU
		{026B5204-DBDF-45D3-A8C2-029E5A3F2E3B}.Debug|Any CPU.ActiveCfg = Debug|Any CPU
		{026B5204-DBDF-45D3-A8C2-029E5A3F2E3B}.Debug|Any CPU.Build.0 = Debug|Any CPU
		{026B5204-DBDF-45D3-A8C2-029E5A3F2E3B}.Release|Any CPU.ActiveCfg = Release|Any CPU
		{026B5204-DBDF-45D3-A8C2-029E5A3F2E3B}.Release|Any CPU.Build.0 = Release|Any CPU
		{1994DD9B-7F15-4F8E-8E86-5C2D7B125918}.Debug|Any CPU.ActiveCfg = Debug|Any CPU
		{1994DD9B-7F15-4F8E-8E86-5C2D7B125918}.Debug|Any CPU.Build.0 = Debug|Any CPU
		{1994DD9B-7F15-4F8E-8E86-5C2D7B125918}.Release|Any CPU.ActiveCfg = Release|Any CPU
		{1994DD9B-7F15-4F8E-8E86-5C2D7B125918}.Release|Any CPU.Build.0 = Release|Any CPU
		{63219043-9AB3-40B5-AD97-42436C9503C6}.Debug|Any CPU.ActiveCfg = Debug|Any CPU
		{63219043-9AB3-40B5-AD97-42436C9503C6}.Debug|Any CPU.Build.0 = Debug|Any CPU
		{63219043-9AB3-40B5-AD97-42436C9503C6}.Release|Any CPU.ActiveCfg = Release|Any CPU
		{63219043-9AB3-40B5-AD97-42436C9503C6}.Release|Any CPU.Build.0 = Release|Any CPU
	EndGlobalSection
	GlobalSection(SolutionProperties) = preSolution
		HideSolutionNode = FALSE
	EndGlobalSection
	GlobalSection(ExtensibilityGlobals) = postSolution
		SolutionGuid = {2F2A1ED7-97D9-4795-9BAF-1720CD0D11B7}
	EndGlobalSection
EndGlobal
